
Microsoft Visual Studio Solution File, Format Version 12.00
# Visual Studio Version 17
VisualStudioVersion = 17.8.34322.80
MinimumVisualStudioVersion = 10.0.40219.1
Project("{FAE04EC0-301F-11D3-BF4B-00C04F79EFBC}") = "BuzzersXenotype", "BuzzersXenotype.csproj", "{BAEF6E9A-D6B6-4402-AE68-338EEA6AA078}"
EndProject
Global
	GlobalSection(SolutionConfigurationPlatforms) = preSolution
		Debug|Any CPU = Debug|Any CPU
		Release|Any CPU = Release|Any CPU
	EndGlobalSection
	GlobalSection(ProjectConfigurationPlatforms) = postSolution
		{BAEF6E9A-D6B6-4402-AE68-338EEA6AA078}.Debug|Any CPU.ActiveCfg = Debug|Any CPU
		{BAEF6E9A-D6B6-4402-AE68-338EEA6AA078}.Debug|Any CPU.Build.0 = Debug|Any CPU
		{BAEF6E9A-D6B6-4402-AE68-338EEA6AA078}.Release|Any CPU.ActiveCfg = Release|Any CPU
		{BAEF6E9A-D6B6-4402-AE68-338EEA6AA078}.Release|Any CPU.Build.0 = Release|Any CPU
	EndGlobalSection
	GlobalSection(SolutionProperties) = preSolution
		HideSolutionNode = FALSE
	EndGlobalSection
	GlobalSection(ExtensibilityGlobals) = postSolution
		SolutionGuid = {E522E225-1BF5-4593-8C47-849FC931808E}
	EndGlobalSection
EndGlobal
